
Microsoft Visual Studio Solution File, Format Version 12.00
# Visual Studio Version 16
VisualStudioVersion = 16.0.29926.136
MinimumVisualStudioVersion = 10.0.40219.1
Project("{888888A0-9F3D-457C-B088-3A5042F75D52}") = "HydraBoot", "HydraBoot\HydraBoot.pyproj", "{AA6C7AFB-F920-4436-85C4-FA5D5DF34717}"
EndProject
Project("{9A19103F-16F7-4668-BE54-9A1E7A4F7556}") = "HydraBoot.Server", "HydraBoot.Server\HydraBoot.Server.csproj", "{C9B09D06-AE6E-4741-BF0B-77D2D900066E}"
EndProject
Project("{9A19103F-16F7-4668-BE54-9A1E7A4F7556}") = "HydraBoot.Client", "HydraBoot.Client\HydraBoot.Client.csproj", "{DDF0C1D8-632A-482F-BB1A-051EC131396D}"
EndProject
Project("{9A19103F-16F7-4668-BE54-9A1E7A4F7556}") = "HydraBoot.Client.Test", "HydraBoot.Client.Test\HydraBoot.Client.Test.csproj", "{EC7E50FC-6023-4659-B010-C7FC4E0287CD}"
EndProject
Project("{E53339B2-1760-4266-BCC7-CA923CBCF16C}") = "docker-compose", "docker-compose.dcproj", "{566FA02E-6C5F-42EE-BC9A-41D29226D342}"
EndProject
Global
	GlobalSection(SolutionConfigurationPlatforms) = preSolution
		Debug|Any CPU = Debug|Any CPU
		Release|Any CPU = Release|Any CPU
	EndGlobalSection
	GlobalSection(ProjectConfigurationPlatforms) = postSolution
		{AA6C7AFB-F920-4436-85C4-FA5D5DF34717}.Debug|Any CPU.ActiveCfg = Debug|Any CPU
		{AA6C7AFB-F920-4436-85C4-FA5D5DF34717}.Debug|Any CPU.Build.0 = Debug|Any CPU
		{AA6C7AFB-F920-4436-85C4-FA5D5DF34717}.Release|Any CPU.ActiveCfg = Release|Any CPU
		{AA6C7AFB-F920-4436-85C4-FA5D5DF34717}.Release|Any CPU.Build.0 = Release|Any CPU
		{C9B09D06-AE6E-4741-BF0B-77D2D900066E}.Debug|Any CPU.ActiveCfg = Debug|Any CPU
		{C9B09D06-AE6E-4741-BF0B-77D2D900066E}.Debug|Any CPU.Build.0 = Debug|Any CPU
		{C9B09D06-AE6E-4741-BF0B-77D2D900066E}.Release|Any CPU.ActiveCfg = Release|Any CPU
		{C9B09D06-AE6E-4741-BF0B-77D2D900066E}.Release|Any CPU.Build.0 = Release|Any CPU
		{DDF0C1D8-632A-482F-BB1A-051EC131396D}.Debug|Any CPU.ActiveCfg = Debug|Any CPU
		{DDF0C1D8-632A-482F-BB1A-051EC131396D}.Debug|Any CPU.Build.0 = Debug|Any CPU
		{DDF0C1D8-632A-482F-BB1A-051EC131396D}.Release|Any CPU.ActiveCfg = Release|Any CPU
		{DDF0C1D8-632A-482F-BB1A-051EC131396D}.Release|Any CPU.Build.0 = Release|Any CPU
		{EC7E50FC-6023-4659-B010-C7FC4E0287CD}.Debug|Any CPU.ActiveCfg = Debug|Any CPU
		{EC7E50FC-6023-4659-B010-C7FC4E0287CD}.Debug|Any CPU.Build.0 = Debug|Any CPU
		{EC7E50FC-6023-4659-B010-C7FC4E0287CD}.Release|Any CPU.ActiveCfg = Release|Any CPU
		{EC7E50FC-6023-4659-B010-C7FC4E0287CD}.Release|Any CPU.Build.0 = Release|Any CPU
		{566FA02E-6C5F-42EE-BC9A-41D29226D342}.Debug|Any CPU.ActiveCfg = Debug|Any CPU
		{566FA02E-6C5F-42EE-BC9A-41D29226D342}.Debug|Any CPU.Build.0 = Debug|Any CPU
		{566FA02E-6C5F-42EE-BC9A-41D29226D342}.Release|Any CPU.ActiveCfg = Release|Any CPU
		{566FA02E-6C5F-42EE-BC9A-41D29226D342}.Release|Any CPU.Build.0 = Release|Any CPU
	EndGlobalSection
	GlobalSection(SolutionProperties) = preSolution
		HideSolutionNode = FALSE
	EndGlobalSection
	GlobalSection(ExtensibilityGlobals) = postSolution
		SolutionGuid = {C4057FA0-DEDA-4348-99E7-8AB1B3CC964E}
	EndGlobalSection
EndGlobal
